%{"basho_poolboy": {:hex, :basho_poolboy, "0.8.1-p3"},
  "basho_stats": {:hex, :basho_stats, "1.0.3"},
  "bear": {:hex, :bear, "0.8.3"},
  "chash": {:hex, :chash, "0.1.1"},
  "clique": {:hex, :clique, "3.0.1"},
  "cowboy": {:hex, :cowboy, "1.0.4"},
  "cowlib": {:hex, :cowlib, "1.0.2"},
  "cuttlefish": {:hex, :cuttlefish, "2.0.7"},
  "edown": {:hex, :edown, "0.7.0"},
  "eleveldb": {:hex, :eleveldb, "2.1.3"},
  "erocksdb": {:hex, :erocksdb, "0.4.1"},
  "exometer_core": {:hex, :exometer_core, "1.0.0"},
  "folsom": {:hex, :folsom, "0.8.3"},
  "getopt": {:hex, :getopt, "0.8.2"},
  "gettext": {:hex, :gettext, "0.11.0"},
  "goldrush": {:hex, :goldrush, "0.1.7"},
  "lager": {:hex, :lager, "3.0.2"},
  "parse_trans": {:hex, :parse_trans, "2.9.0"},
  "pbkdf2": {:hex, :pbkdf2, "2.0.0"},
  "phoenix": {:hex, :phoenix, "1.1.4"},
  "plug": {:hex, :plug, "1.1.4"},
  "poison": {:hex, :poison, "2.1.0"},
  "poolboy": {:hex, :basho_poolboy, "0.8.1-p3"},
  "ranch": {:hex, :ranch, "1.2.1"},
  "riak_core": {:hex, :riak_core_ng, "2.2.5"},
  "riak_ensemble": {:hex, :riak_ensemble, "2.1.3"},
  "riak_sysmon": {:hex, :riak_sysmon, "2.1.2"},
  "setup": {:hex, :setup, "1.7.0"}}
