%{"basho_stats": {:hex, :basho_stats, "1.0.3", "7e1174151509c64fcc1934120ed32295e14f84daae7f84926ba2c8d3700d146c", [:rebar3], []},
  "bear": {:hex, :bear, "0.8.3", "866002127a97932720a0d475d8582c98ec5fb78db3a18dfe7eaf91594d9024b8", [:rebar3], []},
  "blume": {:hex, :blume, "0.1.0", "62dda46b43e24d4b8d5407b8f6ddb78ebd2a8cdc84d9bc822cddaef6f402f3eb", [:rebar3], []},
  "chash": {:hex, :chash, "0.1.1", "ab209e4985c7bedba6e9f7b1412586a42ebcd0cb3b29cdcf2605ec605fd1a7df", [:rebar3], []},
  "clique": {:hex, :clique, "0.3.6", "1a7eb99df038cc3c76686a67ca41d0f5f6a2f0f5d9863fe091eb8c35600ef80f", [:rebar3], [{:cuttlefish, "~>2.0.8", [hex: :cuttlefish, optional: false]}]},
  "cowboy": {:hex, :cowboy, "1.0.4", "a324a8df9f2316c833a470d918aaf73ae894278b8aa6226ce7a9bf699388f878", [:rebar, :make], [{:cowlib, "~> 1.0.0", [hex: :cowlib, optional: false]}, {:ranch, "~> 1.0", [hex: :ranch, optional: false]}]},
  "cowlib": {:hex, :cowlib, "1.0.2", "9d769a1d062c9c3ac753096f868ca121e2730b9a377de23dec0f7e08b1df84ee", [:make], []},
  "cuttlefish": {:hex, :cuttlefish, "2.0.8", "8b2af27ef8540fcf23cfb6c037318e5c4ebb8d12a1e44f9f932b875b14005c28", [:rebar3], [{:getopt, "0.8.2", [hex: :getopt, optional: false]}, {:lager, "3.2.1", [hex: :lager, optional: false]}]},
  "edown": {:hex, :edown, "0.7.0", "6803599606b10f8e328d6d60c44cd16244cd2429908894c415fce4211c3bfefd", [:rebar, :rebar, :make], []},
  "eleveldb": {:hex, :eleveldb, "2.2.19", "81339beb68da0a5cdff8662d5f4e8089b83530a7b8238d3f63b734a4d4c8040d", [:rebar3], []},
  "erocksdb": {:hex, :erocksdb, "0.4.1", "59a3258b1460d0e64f7575d912d9af86fa5aa56729abff18e4d3e4fd4a5e01e0", [:rebar3], []},
  "exometer_core": {:hex, :basho_exometer_core, "1.0.2", "dc4bc9b0b47edee0c053b16ac5b9c692e662c7e1513ffc96f4d928bc3328d65f", [:rebar3], [{:folsom, "~>0.8.3", [hex: :folsom, optional: false]}, {:lager, "~>3.2.0", [hex: :lager, optional: false]}, {:parse_trans, "~>2.9.0", [hex: :parse_trans, optional: false]}, {:setup, "~>1.7.0", [hex: :setup, optional: false]}]},
  "folsom": {:hex, :folsom, "0.8.3", "71cff146152fa95e6092e62119f9dc96888660111e7b61853c8fdcf80598a4e0", [:rebar3], [{:bear, "0.8.3", [hex: :bear, optional: false]}]},
  "getopt": {:hex, :getopt, "0.8.2", "b17556db683000ba50370b16c0619df1337e7af7ecbf7d64fbf8d1d6bce3109b", [:rebar], []},
  "gettext": {:hex, :gettext, "0.11.0", "80c1dd42d270482418fa158ec5ba073d2980e3718bacad86f3d4ad71d5667679", [:mix], []},
  "goldrush": {:hex, :goldrush, "0.1.8", "2024ba375ceea47e27ea70e14d2c483b2d8610101b4e852ef7f89163cdb6e649", [:rebar3], []},
  "lager": {:hex, :lager, "3.2.1", "eef4e18b39e4195d37606d9088ea05bf1b745986cf8ec84f01d332456fe88d17", [:rebar3], [{:goldrush, "0.1.8", [hex: :goldrush, optional: false]}]},
  "parse_trans": {:hex, :parse_trans, "2.9.0", "3f5f7b402928fb9fd200c891e635de909045d1efac40ce3f924d3892898f85eb", [:rebar, :rebar], [{:edown, "> 0.0.0", [hex: :edown, optional: false]}]},
  "pbkdf2": {:hex, :pbkdf2, "2.0.0", "11c23279fded5c0027ab3996cfae77805521d7ef4babde2bd7ec04a9086cf499", [:rebar3], []},
  "phoenix": {:hex, :phoenix, "1.1.6", "7bf19002669c8f692f5a9c8d30dab7b49f3dc56228d5bde92a12fb426b4783c2", [:mix], [{:cowboy, "~> 1.0", [hex: :cowboy, optional: true]}, {:plug, "~> 1.0", [hex: :plug, optional: false]}, {:poison, "~> 1.5 or ~> 2.0", [hex: :poison, optional: false]}]},
  "plug": {:hex, :plug, "1.1.6", "8927e4028433fcb859e000b9389ee9c37c80eb28378eeeea31b0273350bf668b", [:mix], [{:cowboy, "~> 1.0", [hex: :cowboy, optional: true]}]},
  "poison": {:hex, :poison, "2.2.0", "4763b69a8a77bd77d26f477d196428b741261a761257ff1cf92753a0d4d24a63", [:mix], []},
  "poolboy": {:hex, :basho_poolboy, "0.8.1-p3", "eba815cd24871c37bf0538221d3e12ee14dc015ca5dca74696e579e53f0ff9d5", [:rebar3], []},
  "ranch": {:hex, :ranch, "1.2.1", "a6fb992c10f2187b46ffd17ce398ddf8a54f691b81768f9ef5f461ea7e28c762", [:make], []},
  "riak_core": {:hex, :riak_core_ng, "2.2.6", "c4e982f6eaeda58c4880319135029e055024b8842adf73972756e281f1f4270d", [:rebar3], [{:exometer_core, "1.0.2", [hex: :basho_exometer_core, optional: false]}, {:poolboy, "0.8.1-p3", [hex: :basho_poolboy, optional: false]}, {:basho_stats, "~>1.0.3", [hex: :basho_stats, optional: false]}, {:blume, "~>0.1.0", [hex: :blume, optional: false]}, {:chash, "~>0.1.1", [hex: :chash, optional: false]}, {:clique, "~>0.3.6", [hex: :clique, optional: false]}, {:cuttlefish, "~>2.0.8", [hex: :cuttlefish, optional: false]}, {:edown, "0.7.0", [hex: :edown, optional: false]}, {:eleveldb, "~>2.2.19", [hex: :eleveldb, optional: false]}, {:erocksdb, "~>0.4.1", [hex: :erocksdb, optional: false]}, {:folsom, "0.8.3", [hex: :folsom, optional: false]}, {:goldrush, "~>0.1.7", [hex: :goldrush, optional: false]}, {:lager, "~>3.2.0", [hex: :lager, optional: false]}, {:pbkdf2, "~>2.0.0", [hex: :pbkdf2, optional: false]}, {:riak_ensemble, "2.2.0", [hex: :riak_ensemble_ng, optional: false]}, {:riak_sysmon, "~>2.1.3", [hex: :riak_sysmon, optional: false]}]},
  "riak_ensemble": {:hex, :riak_ensemble_ng, "2.2.0", "2078b8c2d8045b05fded98e17f2571257f8fb2059c1b9a05c2ea6aff4d898ad5", [:rebar3], [{:eleveldb, "2.2.19", [hex: :eleveldb, optional: false]}, {:lager, "3.2.1", [hex: :lager, optional: false]}]},
  "riak_sysmon": {:hex, :riak_sysmon, "2.1.3", "2e81af5763336c0b136d7eceffbec3540db20d54459c9f2ae1275fee4927fb7b", [:rebar3], [{:lager, "~>3.2.0", [hex: :lager, optional: false]}]},
  "setup": {:hex, :setup, "1.7.0", "15df8e57c6df9755e22bfb1aef0c640bd97e9889396fdfb2a85a5536a9043674", [:rebar3], []}}
